// !$*UTF8*$!
{
	archiveVersion = 1;
	classes = {
	};
	objectVersion = 50;
	objects = {

/* Begin PBXBuildFile section */
		ADF2E24624F17A94006B18C8 /* AppDelegate.swift in Sources */ = {isa = PBXBuildFile; fileRef = ADF2E24524F17A94006B18C8 /* AppDelegate.swift */; };
		ADF2E24824F17A94006B18C8 /* SceneDelegate.swift in Sources */ = {isa = PBXBuildFile; fileRef = ADF2E24724F17A94006B18C8 /* SceneDelegate.swift */; };
		ADF2E24A24F17A94006B18C8 /* HomeView.swift in Sources */ = {isa = PBXBuildFile; fileRef = ADF2E24924F17A94006B18C8 /* HomeView.swift */; };
		ADF2E24F24F17A96006B18C8 /* Preview Assets.xcassets in Resources */ = {isa = PBXBuildFile; fileRef = ADF2E24E24F17A96006B18C8 /* Preview Assets.xcassets */; };
		ADF2E25224F17A96006B18C8 /* LaunchScreen.storyboard in Resources */ = {isa = PBXBuildFile; fileRef = ADF2E25024F17A96006B18C8 /* LaunchScreen.storyboard */; };
		ADF2E25A24F17C09006B18C8 /* Assets.xcassets in Resources */ = {isa = PBXBuildFile; fileRef = ADF2E25924F17C09006B18C8 /* Assets.xcassets */; };
		ADF2E26A24F17D48006B18C8 /* Cairo-Black.ttf in Resources */ = {isa = PBXBuildFile; fileRef = ADF2E25F24F17D3E006B18C8 /* Cairo-Black.ttf */; };
		ADF2E26B24F17D48006B18C8 /* Cairo-Bold.ttf in Resources */ = {isa = PBXBuildFile; fileRef = ADF2E26024F17D3E006B18C8 /* Cairo-Bold.ttf */; };
		ADF2E26C24F17D48006B18C8 /* Cairo-ExtraLight.ttf in Resources */ = {isa = PBXBuildFile; fileRef = ADF2E26124F17D3E006B18C8 /* Cairo-ExtraLight.ttf */; };
		ADF2E26D24F17D48006B18C8 /* Cairo-Light.ttf in Resources */ = {isa = PBXBuildFile; fileRef = ADF2E26324F17D3E006B18C8 /* Cairo-Light.ttf */; };
		ADF2E26E24F17D48006B18C8 /* Cairo-Regular.ttf in Resources */ = {isa = PBXBuildFile; fileRef = ADF2E26224F17D3E006B18C8 /* Cairo-Regular.ttf */; };
		ADF2E26F24F17D48006B18C8 /* Cairo-SemiBold.ttf in Resources */ = {isa = PBXBuildFile; fileRef = ADF2E25E24F17D3E006B18C8 /* Cairo-SemiBold.ttf */; };
		ADF2E27324F17D63006B18C8 /* FontManger.swift in Sources */ = {isa = PBXBuildFile; fileRef = ADF2E27124F17D63006B18C8 /* FontManger.swift */; };
		ADF2E27424F17D63006B18C8 /* ColorManager.swift in Sources */ = {isa = PBXBuildFile; fileRef = ADF2E27224F17D63006B18C8 /* ColorManager.swift */; };
		ADF2E27724F1864A006B18C8 /* ProductCell.swift in Sources */ = {isa = PBXBuildFile; fileRef = ADF2E27624F1864A006B18C8 /* ProductCell.swift */; };
		ADF2E27924F18785006B18C8 /* ProductDetailsView.swift in Sources */ = {isa = PBXBuildFile; fileRef = ADF2E27824F18785006B18C8 /* ProductDetailsView.swift */; };
		ADF2E27B24F187C9006B18C8 /* SliderCell.swift in Sources */ = {isa = PBXBuildFile; fileRef = ADF2E27A24F187C9006B18C8 /* SliderCell.swift */; };
		ADF2E27E24F18878006B18C8 /* ProductModel.swift in Sources */ = {isa = PBXBuildFile; fileRef = ADF2E27D24F18878006B18C8 /* ProductModel.swift */; };
/* End PBXBuildFile section */

/* Begin PBXFileReference section */
		ADF2E24224F17A94006B18C8 /* Samkmk.app */ = {isa = PBXFileReference; explicitFileType = wrapper.application; includeInIndex = 0; path = Samkmk.app; sourceTree = BUILT_PRODUCTS_DIR; };
		ADF2E24524F17A94006B18C8 /* AppDelegate.swift */ = {isa = PBXFileReference; lastKnownFileType = sourcecode.swift; path = AppDelegate.swift; sourceTree = "<group>"; };
		ADF2E24724F17A94006B18C8 /* SceneDelegate.swift */ = {isa = PBXFileReference; lastKnownFileType = sourcecode.swift; path = SceneDelegate.swift; sourceTree = "<group>"; };
		ADF2E24924F17A94006B18C8 /* HomeView.swift */ = {isa = PBXFileReference; lastKnownFileType = sourcecode.swift; path = HomeView.swift; sourceTree = "<group>"; };
		ADF2E24E24F17A96006B18C8 /* Preview Assets.xcassets */ = {isa = PBXFileReference; lastKnownFileType = folder.assetcatalog; path = "Preview Assets.xcassets"; sourceTree = "<group>"; };
		ADF2E25124F17A96006B18C8 /* Base */ = {isa = PBXFileReference; lastKnownFileType = file.storyboard; name = Base; path = Base.lproj/LaunchScreen.storyboard; sourceTree = "<group>"; };
		ADF2E25324F17A96006B18C8 /* Info.plist */ = {isa = PBXFileReference; lastKnownFileType = text.plist.xml; path = Info.plist; sourceTree = "<group>"; };
		ADF2E25924F17C09006B18C8 /* Assets.xcassets */ = {isa = PBXFileReference; lastKnownFileType = folder.assetcatalog; path = Assets.xcassets; sourceTree = "<group>"; };
		ADF2E25E24F17D3E006B18C8 /* Cairo-SemiBold.ttf */ = {isa = PBXFileReference; lastKnownFileType = file; path = "Cairo-SemiBold.ttf"; sourceTree = "<group>"; };
		ADF2E25F24F17D3E006B18C8 /* Cairo-Black.ttf */ = {isa = PBXFileReference; lastKnownFileType = file; path = "Cairo-Black.ttf"; sourceTree = "<group>"; };
		ADF2E26024F17D3E006B18C8 /* Cairo-Bold.ttf */ = {isa = PBXFileReference; lastKnownFileType = file; path = "Cairo-Bold.ttf"; sourceTree = "<group>"; };
		ADF2E26124F17D3E006B18C8 /* Cairo-ExtraLight.ttf */ = {isa = PBXFileReference; lastKnownFileType = file; path = "Cairo-ExtraLight.ttf"; sourceTree = "<group>"; };
		ADF2E26224F17D3E006B18C8 /* Cairo-Regular.ttf */ = {isa = PBXFileReference; lastKnownFileType = file; path = "Cairo-Regular.ttf"; sourceTree = "<group>"; };
		ADF2E26324F17D3E006B18C8 /* Cairo-Light.ttf */ = {isa = PBXFileReference; lastKnownFileType = file; path = "Cairo-Light.ttf"; sourceTree = "<group>"; };
		ADF2E27124F17D63006B18C8 /* FontManger.swift */ = {isa = PBXFileReference; fileEncoding = 4; lastKnownFileType = sourcecode.swift; path = FontManger.swift; sourceTree = "<group>"; };
		ADF2E27224F17D63006B18C8 /* ColorManager.swift */ = {isa = PBXFileReference; fileEncoding = 4; lastKnownFileType = sourcecode.swift; path = ColorManager.swift; sourceTree = "<group>"; };
		ADF2E27624F1864A006B18C8 /* ProductCell.swift */ = {isa = PBXFileReference; lastKnownFileType = sourcecode.swift; path = ProductCell.swift; sourceTree = "<group>"; };
		ADF2E27824F18785006B18C8 /* ProductDetailsView.swift */ = {isa = PBXFileReference; lastKnownFileType = sourcecode.swift; path = ProductDetailsView.swift; sourceTree = "<group>"; };
		ADF2E27A24F187C9006B18C8 /* SliderCell.swift */ = {isa = PBXFileReference; lastKnownFileType = sourcecode.swift; path = SliderCell.swift; sourceTree = "<group>"; };
		ADF2E27D24F18878006B18C8 /* ProductModel.swift */ = {isa = PBXFileReference; lastKnownFileType = sourcecode.swift; path = ProductModel.swift; sourceTree = "<group>"; };
/* End PBXFileReference section */

/* Begin PBXFrameworksBuildPhase section */
		ADF2E23F24F17A94006B18C8 /* Frameworks */ = {
			isa = PBXFrameworksBuildPhase;
			buildActionMask = 2147483647;
			files = (
			);
			runOnlyForDeploymentPostprocessing = 0;
		};
/* End PBXFrameworksBuildPhase section */

/* Begin PBXGroup section */
		ADF2E23924F17A94006B18C8 = {
			isa = PBXGroup;
			children = (
				ADF2E24424F17A94006B18C8 /* Samkmk */,
				ADF2E24324F17A94006B18C8 /* Products */,
			);
			sourceTree = "<group>";
		};
		ADF2E24324F17A94006B18C8 /* Products */ = {
			isa = PBXGroup;
			children = (
				ADF2E24224F17A94006B18C8 /* Samkmk.app */,
			);
			name = Products;
			sourceTree = "<group>";
		};
		ADF2E24424F17A94006B18C8 /* Samkmk */ = {
			isa = PBXGroup;
			children = (
				ADF2E25C24F17D18006B18C8 /* Resources */,
				ADF2E25B24F17CF2006B18C8 /* VIews */,
				ADF2E27C24F18867006B18C8 /* Model */,
				ADF2E24524F17A94006B18C8 /* AppDelegate.swift */,
				ADF2E24724F17A94006B18C8 /* SceneDelegate.swift */,
				ADF2E25924F17C09006B18C8 /* Assets.xcassets */,
				ADF2E25024F17A96006B18C8 /* LaunchScreen.storyboard */,
				ADF2E25324F17A96006B18C8 /* Info.plist */,
				ADF2E24D24F17A96006B18C8 /* Preview Content */,
			);
			path = Samkmk;
			sourceTree = "<group>";
		};
		ADF2E24D24F17A96006B18C8 /* Preview Content */ = {
			isa = PBXGroup;
			children = (
				ADF2E24E24F17A96006B18C8 /* Preview Assets.xcassets */,
			);
			path = "Preview Content";
			sourceTree = "<group>";
		};
		ADF2E25B24F17CF2006B18C8 /* VIews */ = {
			isa = PBXGroup;
			children = (
				ADF2E27524F1863D006B18C8 /* Cell */,
				ADF2E24924F17A94006B18C8 /* HomeView.swift */,
				ADF2E27824F18785006B18C8 /* ProductDetailsView.swift */,
			);
			path = VIews;
			sourceTree = "<group>";
		};
		ADF2E25C24F17D18006B18C8 /* Resources */ = {
			isa = PBXGroup;
			children = (
				ADF2E27024F17D5B006B18C8 /* Colors and Font Manger */,
				ADF2E25D24F17D2B006B18C8 /* Fonts */,
			);
			path = Resources;
			sourceTree = "<group>";
		};
		ADF2E25D24F17D2B006B18C8 /* Fonts */ = {
			isa = PBXGroup;
			children = (
				ADF2E25F24F17D3E006B18C8 /* Cairo-Black.ttf */,
				ADF2E26024F17D3E006B18C8 /* Cairo-Bold.ttf */,
				ADF2E26124F17D3E006B18C8 /* Cairo-ExtraLight.ttf */,
				ADF2E26324F17D3E006B18C8 /* Cairo-Light.ttf */,
				ADF2E26224F17D3E006B18C8 /* Cairo-Regular.ttf */,
				ADF2E25E24F17D3E006B18C8 /* Cairo-SemiBold.ttf */,
			);
			path = Fonts;
			sourceTree = "<group>";
		};
		ADF2E27024F17D5B006B18C8 /* Colors and Font Manger */ = {
			isa = PBXGroup;
			children = (
				ADF2E27224F17D63006B18C8 /* ColorManager.swift */,
				ADF2E27124F17D63006B18C8 /* FontManger.swift */,
			);
			path = "Colors and Font Manger";
			sourceTree = "<group>";
		};
		ADF2E27524F1863D006B18C8 /* Cell */ = {
			isa = PBXGroup;
			children = (
				ADF2E27624F1864A006B18C8 /* ProductCell.swift */,
				ADF2E27A24F187C9006B18C8 /* SliderCell.swift */,
			);
			path = Cell;
			sourceTree = "<group>";
		};
		ADF2E27C24F18867006B18C8 /* Model */ = {
			isa = PBXGroup;
			children = (
				ADF2E27D24F18878006B18C8 /* ProductModel.swift */,
			);
			path = Model;
			sourceTree = "<group>";
		};
/* End PBXGroup section */

/* Begin PBXNativeTarget section */
		ADF2E24124F17A94006B18C8 /* Samkmk */ = {
			isa = PBXNativeTarget;
			buildConfigurationList = ADF2E25624F17A96006B18C8 /* Build configuration list for PBXNativeTarget "Samkmk" */;
			buildPhases = (
				ADF2E23E24F17A94006B18C8 /* Sources */,
				ADF2E23F24F17A94006B18C8 /* Frameworks */,
				ADF2E24024F17A94006B18C8 /* Resources */,
			);
			buildRules = (
			);
			dependencies = (
			);
			name = Samkmk;
			productName = Samkmk;
			productReference = ADF2E24224F17A94006B18C8 /* Samkmk.app */;
			productType = "com.apple.product-type.application";
		};
/* End PBXNativeTarget section */

/* Begin PBXProject section */
		ADF2E23A24F17A94006B18C8 /* Project object */ = {
			isa = PBXProject;
			attributes = {
				LastSwiftUpdateCheck = 1150;
				LastUpgradeCheck = 1150;
				ORGANIZATIONNAME = ElMeMy;
				TargetAttributes = {
					ADF2E24124F17A94006B18C8 = {
						CreatedOnToolsVersion = 11.5;
					};
				};
			};
			buildConfigurationList = ADF2E23D24F17A94006B18C8 /* Build configuration list for PBXProject "Samkmk" */;
			compatibilityVersion = "Xcode 9.3";
			developmentRegion = en;
			hasScannedForEncodings = 0;
			knownRegions = (
				en,
				Base,
			);
			mainGroup = ADF2E23924F17A94006B18C8;
			productRefGroup = ADF2E24324F17A94006B18C8 /* Products */;
			projectDirPath = "";
			projectRoot = "";
			targets = (
				ADF2E24124F17A94006B18C8 /* Samkmk */,
			);
		};
/* End PBXProject section */

/* Begin PBXResourcesBuildPhase section */
		ADF2E24024F17A94006B18C8 /* Resources */ = {
			isa = PBXResourcesBuildPhase;
			buildActionMask = 2147483647;
			files = (
				ADF2E25224F17A96006B18C8 /* LaunchScreen.storyboard in Resources */,
				ADF2E26C24F17D48006B18C8 /* Cairo-ExtraLight.ttf in Resources */,
				ADF2E26F24F17D48006B18C8 /* Cairo-SemiBold.ttf in Resources */,
				ADF2E26E24F17D48006B18C8 /* Cairo-Regular.ttf in Resources */,
				ADF2E26B24F17D48006B18C8 /* Cairo-Bold.ttf in Resources */,
				ADF2E25A24F17C09006B18C8 /* Assets.xcassets in Resources */,
				ADF2E24F24F17A96006B18C8 /* Preview Assets.xcassets in Resources */,
				ADF2E26A24F17D48006B18C8 /* Cairo-Black.ttf in Resources */,
				ADF2E26D24F17D48006B18C8 /* Cairo-Light.ttf in Resources */,
			);
			runOnlyForDeploymentPostprocessing = 0;
		};
/* End PBXResourcesBuildPhase section */

/* Begin PBXSourcesBuildPhase section */
		ADF2E23E24F17A94006B18C8 /* Sources */ = {
			isa = PBXSourcesBuildPhase;
			buildActionMask = 2147483647;
			files = (
				ADF2E27324F17D63006B18C8 /* FontManger.swift in Sources */,
				ADF2E27424F17D63006B18C8 /* ColorManager.swift in Sources */,
				ADF2E24624F17A94006B18C8 /* AppDelegate.swift in Sources */,
				ADF2E27724F1864A006B18C8 /* ProductCell.swift in Sources */,
				ADF2E27E24F18878006B18C8 /* ProductModel.swift in Sources */,
				ADF2E27924F18785006B18C8 /* ProductDetailsView.swift in Sources */,
				ADF2E24824F17A94006B18C8 /* SceneDelegate.swift in Sources */,
				ADF2E27B24F187C9006B18C8 /* SliderCell.swift in Sources */,
				ADF2E24A24F17A94006B18C8 /* HomeView.swift in Sources */,
			);
			runOnlyForDeploymentPostprocessing = 0;
		};
/* End PBXSourcesBuildPhase section */

/* Begin PBXVariantGroup section */
		ADF2E25024F17A96006B18C8 /* LaunchScreen.storyboard */ = {
			isa = PBXVariantGroup;
			children = (
				ADF2E25124F17A96006B18C8 /* Base */,
			);
			name = LaunchScreen.storyboard;
			sourceTree = "<group>";
		};
/* End PBXVariantGroup section */

/* Begin XCBuildConfiguration section */
		ADF2E25424F17A96006B18C8 /* Debug */ = {
			isa = XCBuildConfiguration;
			buildSettings = {
				ALWAYS_SEARCH_USER_PATHS = NO;
				CLANG_ANALYZER_NONNULL = YES;
				CLANG_ANALYZER_NUMBER_OBJECT_CONVERSION = YES_AGGRESSIVE;
				CLANG_CXX_LANGUAGE_STANDARD = "gnu++14";
				CLANG_CXX_LIBRARY = "libc++";
				CLANG_ENABLE_MODULES = YES;
				CLANG_ENABLE_OBJC_ARC = YES;
				CLANG_ENABLE_OBJC_WEAK = YES;
				CLANG_WARN_BLOCK_CAPTURE_AUTORELEASING = YES;
				CLANG_WARN_BOOL_CONVERSION = YES;
				CLANG_WARN_COMMA = YES;
				CLANG_WARN_CONSTANT_CONVERSION = YES;
				CLANG_WARN_DEPRECATED_OBJC_IMPLEMENTATIONS = YES;
				CLANG_WARN_DIRECT_OBJC_ISA_USAGE = YES_ERROR;
				CLANG_WARN_DOCUMENTATION_COMMENTS = YES;
				CLANG_WARN_EMPTY_BODY = YES;
				CLANG_WARN_ENUM_CONVERSION = YES;
				CLANG_WARN_INFINITE_RECURSION = YES;
				CLANG_WARN_INT_CONVERSION = YES;
				CLANG_WARN_NON_LITERAL_NULL_CONVERSION = YES;
				CLANG_WARN_OBJC_IMPLICIT_RETAIN_SELF = YES;
				CLANG_WARN_OBJC_LITERAL_CONVERSION = YES;
				CLANG_WARN_OBJC_ROOT_CLASS = YES_ERROR;
				CLANG_WARN_RANGE_LOOP_ANALYSIS = YES;
				CLANG_WARN_STRICT_PROTOTYPES = YES;
				CLANG_WARN_SUSPICIOUS_MOVE = YES;
				CLANG_WARN_UNGUARDED_AVAILABILITY = YES_AGGRESSIVE;
				CLANG_WARN_UNREACHABLE_CODE = YES;
				CLANG_WARN__DUPLICATE_METHOD_MATCH = YES;
				COPY_PHASE_STRIP = NO;
				DEBUG_INFORMATION_FORMAT = dwarf;
				ENABLE_STRICT_OBJC_MSGSEND = YES;
				ENABLE_TESTABILITY = YES;
				GCC_C_LANGUAGE_STANDARD = gnu11;
				GCC_DYNAMIC_NO_PIC = NO;
				GCC_NO_COMMON_BLOCKS = YES;
				GCC_OPTIMIZATION_LEVEL = 0;
				GCC_PREPROCESSOR_DEFINITIONS = (
					"DEBUG=1",
					"$(inherited)",
				);
				GCC_WARN_64_TO_32_BIT_CONVERSION = YES;
				GCC_WARN_ABOUT_RETURN_TYPE = YES_ERROR;
				GCC_WARN_UNDECLARED_SELECTOR = YES;
				GCC_WARN_UNINITIALIZED_AUTOS = YES_AGGRESSIVE;
				GCC_WARN_UNUSED_FUNCTION = YES;
				GCC_WARN_UNUSED_VARIABLE = YES;
				IPHONEOS_DEPLOYMENT_TARGET = 13.5;
				MTL_ENABLE_DEBUG_INFO = INCLUDE_SOURCE;
				MTL_FAST_MATH = YES;
				ONLY_ACTIVE_ARCH = YES;
				SDKROOT = iphoneos;
				SWIFT_ACTIVE_COMPILATION_CONDITIONS = DEBUG;
				SWIFT_OPTIMIZATION_LEVEL = "-Onone";
			};
			name = Debug;
		};
		ADF2E25524F17A96006B18C8 /* Release */ = {
			isa = XCBuildConfiguration;
			buildSettings = {
				ALWAYS_SEARCH_USER_PATHS = NO;
				CLANG_ANALYZER_NONNULL = YES;
				CLANG_ANALYZER_NUMBER_OBJECT_CONVERSION = YES_AGGRESSIVE;
				CLANG_CXX_LANGUAGE_STANDARD = "gnu++14";
				CLANG_CXX_LIBRARY = "libc++";
				CLANG_ENABLE_MODULES = YES;
				CLANG_ENABLE_OBJC_ARC = YES;
				CLANG_ENABLE_OBJC_WEAK = YES;
				CLANG_WARN_BLOCK_CAPTURE_AUTORELEASING = YES;
				CLANG_WARN_BOOL_CONVERSION = YES;
				CLANG_WARN_COMMA = YES;
				CLANG_WARN_CONSTANT_CONVERSION = YES;
				CLANG_WARN_DEPRECATED_OBJC_IMPLEMENTATIONS = YES;
				CLANG_WARN_DIRECT_OBJC_ISA_USAGE = YES_ERROR;
				CLANG_WARN_DOCUMENTATION_COMMENTS = YES;
				CLANG_WARN_EMPTY_BODY = YES;
				CLANG_WARN_ENUM_CONVERSION = YES;
				CLANG_WARN_INFINITE_RECURSION = YES;
				CLANG_WARN_INT_CONVERSION = YES;
				CLANG_WARN_NON_LITERAL_NULL_CONVERSION = YES;
				CLANG_WARN_OBJC_IMPLICIT_RETAIN_SELF = YES;
				CLANG_WARN_OBJC_LITERAL_CONVERSION = YES;
				CLANG_WARN_OBJC_ROOT_CLASS = YES_ERROR;
				CLANG_WARN_RANGE_LOOP_ANALYSIS = YES;
				CLANG_WARN_STRICT_PROTOTYPES = YES;
				CLANG_WARN_SUSPICIOUS_MOVE = YES;
				CLANG_WARN_UNGUARDED_AVAILABILITY = YES_AGGRESSIVE;
				CLANG_WARN_UNREACHABLE_CODE = YES;
				CLANG_WARN__DUPLICATE_METHOD_MATCH = YES;
				COPY_PHASE_STRIP = NO;
				DEBUG_INFORMATION_FORMAT = "dwarf-with-dsym";
				ENABLE_NS_ASSERTIONS = NO;
				ENABLE_STRICT_OBJC_MSGSEND = YES;
				GCC_C_LANGUAGE_STANDARD = gnu11;
				GCC_NO_COMMON_BLOCKS = YES;
				GCC_WARN_64_TO_32_BIT_CONVERSION = YES;
				GCC_WARN_ABOUT_RETURN_TYPE = YES_ERROR;
				GCC_WARN_UNDECLARED_SELECTOR = YES;
				GCC_WARN_UNINITIALIZED_AUTOS = YES_AGGRESSIVE;
				GCC_WARN_UNUSED_FUNCTION = YES;
				GCC_WARN_UNUSED_VARIABLE = YES;
				IPHONEOS_DEPLOYMENT_TARGET = 13.5;
				MTL_ENABLE_DEBUG_INFO = NO;
				MTL_FAST_MATH = YES;
				SDKROOT = iphoneos;
				SWIFT_COMPILATION_MODE = wholemodule;
				SWIFT_OPTIMIZATION_LEVEL = "-O";
				VALIDATE_PRODUCT = YES;
			};
			name = Release;
		};
		ADF2E25724F17A96006B18C8 /* Debug */ = {
			isa = XCBuildConfiguration;
			buildSettings = {
				ASSETCATALOG_COMPILER_APPICON_NAME = AppIcon;
				CODE_SIGN_STYLE = Automatic;
				DEVELOPMENT_ASSET_PATHS = "\"Samkmk/Preview Content\"";
				ENABLE_PREVIEWS = YES;
				INFOPLIST_FILE = Samkmk/Info.plist;
				LD_RUNPATH_SEARCH_PATHS = (
					"$(inherited)",
					"@executable_path/Frameworks",
				);
				PRODUCT_BUNDLE_IDENTIFIER = ElMeMy.Samkmk;
				PRODUCT_NAME = "$(TARGET_NAME)";
				SWIFT_VERSION = 5.0;
				TARGETED_DEVICE_FAMILY = "1,2";
			};
			name = Debug;
		};
		ADF2E25824F17A96006B18C8 /* Release */ = {
			isa = XCBuildConfiguration;
			buildSettings = {
				ASSETCATALOG_COMPILER_APPICON_NAME = AppIcon;
				CODE_SIGN_STYLE = Automatic;
				DEVELOPMENT_ASSET_PATHS = "\"Samkmk/Preview Content\"";
				ENABLE_PREVIEWS = YES;
				INFOPLIST_FILE = Samkmk/Info.plist;
				LD_RUNPATH_SEARCH_PATHS = (
					"$(inherited)",
					"@executable_path/Frameworks",
				);
				PRODUCT_BUNDLE_IDENTIFIER = ElMeMy.Samkmk;
				PRODUCT_NAME = "$(TARGET_NAME)";
				SWIFT_VERSION = 5.0;
				TARGETED_DEVICE_FAMILY = "1,2";
			};
			name = Release;
		};
/* End XCBuildConfiguration section */

/* Begin XCConfigurationList section */
		ADF2E23D24F17A94006B18C8 /* Build configuration list for PBXProject "Samkmk" */ = {
			isa = XCConfigurationList;
			buildConfigurations = (
				ADF2E25424F17A96006B18C8 /* Debug */,
				ADF2E25524F17A96006B18C8 /* Release */,
			);
			defaultConfigurationIsVisible = 0;
			defaultConfigurationName = Release;
		};
		ADF2E25624F17A96006B18C8 /* Build configuration list for PBXNativeTarget "Samkmk" */ = {
			isa = XCConfigurationList;
			buildConfigurations = (
				ADF2E25724F17A96006B18C8 /* Debug */,
				ADF2E25824F17A96006B18C8 /* Release */,
			);
			defaultConfigurationIsVisible = 0;
			defaultConfigurationName = Release;
		};
/* End XCConfigurationList section */
	};
	rootObject = ADF2E23A24F17A94006B18C8 /* Project object */;
}
